
Microsoft Visual Studio Solution File, Format Version 12.00
# Visual Studio Version 17
VisualStudioVersion = 17.14.36202.13 d17.14
MinimumVisualStudioVersion = 10.0.40219.1
Project("{FAE04EC0-301F-11D3-BF4B-00C04F79EFBC}") = "FolderSizeAnalyzer", "FolderSizeAnalyzer.csproj", "{08D3B324-DAFE-4687-944D-3FF0D6BFE4BA}"
EndProject
Global
	GlobalSection(SolutionConfigurationPlatforms) = preSolution
		Debug|Any CPU = Debug|Any CPU
		Release|Any CPU = Release|Any CPU
	EndGlobalSection
	GlobalSection(ProjectConfigurationPlatforms) = postSolution
		{08D3B324-DAFE-4687-944D-3FF0D6BFE4BA}.Debug|Any CPU.ActiveCfg = Debug|Any CPU
		{08D3B324-DAFE-4687-944D-3FF0D6BFE4BA}.Debug|Any CPU.Build.0 = Debug|Any CPU
		{08D3B324-DAFE-4687-944D-3FF0D6BFE4BA}.Release|Any CPU.ActiveCfg = Release|Any CPU
		{08D3B324-DAFE-4687-944D-3FF0D6BFE4BA}.Release|Any CPU.Build.0 = Release|Any CPU
	EndGlobalSection
	GlobalSection(SolutionProperties) = preSolution
		HideSolutionNode = FALSE
	EndGlobalSection
	GlobalSection(ExtensibilityGlobals) = postSolution
		SolutionGuid = {640CFE19-4DD0-4629-AAD6-24A45CB93D2E}
	EndGlobalSection
EndGlobal
